
Microsoft Visual Studio Solution File, Format Version 12.00
# Visual Studio Version 17
VisualStudioVersion = 17.14.36401.2 d17.14
MinimumVisualStudioVersion = 10.0.40219.1
Project("{8BC9CEB8-8B4A-11D0-8D11-00A0C91BC942}") = "book_1", "book_1.vcxproj", "{31BF3927-089D-4F0F-8206-20A9884754CE}"
EndProject
Global
	GlobalSection(SolutionConfigurationPlatforms) = preSolution
		Debug|x64 = Debug|x64
		Debug|x86 = Debug|x86
		Release|x64 = Release|x64
		Release|x86 = Release|x86
	EndGlobalSection
	GlobalSection(ProjectConfigurationPlatforms) = postSolution
		{31BF3927-089D-4F0F-8206-20A9884754CE}.Debug|x64.ActiveCfg = Debug|x64
		{31BF3927-089D-4F0F-8206-20A9884754CE}.Debug|x64.Build.0 = Debug|x64
		{31BF3927-089D-4F0F-8206-20A9884754CE}.Debug|x86.ActiveCfg = Debug|Win32
		{31BF3927-089D-4F0F-8206-20A9884754CE}.Debug|x86.Build.0 = Debug|Win32
		{31BF3927-089D-4F0F-8206-20A9884754CE}.Release|x64.ActiveCfg = Release|x64
		{31BF3927-089D-4F0F-8206-20A9884754CE}.Release|x64.Build.0 = Release|x64
		{31BF3927-089D-4F0F-8206-20A9884754CE}.Release|x86.ActiveCfg = Release|Win32
		{31BF3927-089D-4F0F-8206-20A9884754CE}.Release|x86.Build.0 = Release|Win32
	EndGlobalSection
	GlobalSection(SolutionProperties) = preSolution
		HideSolutionNode = FALSE
	EndGlobalSection
	GlobalSection(ExtensibilityGlobals) = postSolution
		SolutionGuid = {A01C39EA-744B-4E03-9EB9-1D0611AD4FC5}
	EndGlobalSection
EndGlobal
